<?xml version="1.0" encoding="utf-8"?>
<Project ToolsVersion="4.0" xmlns="http://schemas.microsoft.com/developer/msbuild/2003">
  <ItemGroup>
    <Filter Include="ソース ファイル">
      <UniqueIdentifier>{4FC737F1-C7A5-4376-A066-2A32D752A2FF}</UniqueIdentifier>
      <Extensions>cpp;c;cc;cxx;def;odl;idl;hpj;bat;asm;asmx</Extensions>
    </Filter>
    <Filter Include="ソース ファイル\AI">
      <UniqueIdentifier>{947d5ef3-0920-4a6c-a484-13053157b5df}</UniqueIdentifier>
    </Filter>
    <Filter Include="ソース ファイル\Utility">
      <UniqueIdentifier>{9999b34b-36ff-4263-8bda-a5e1eb9fb0a5}</UniqueIdentifier>
    </Filter>
    <Filter Include="ソース ファイル\Engine">
      <UniqueIdentifier>{0d46939a-26b5-4606-b8bd-47b656751c55}</UniqueIdentifier>
    </Filter>
  </ItemGroup>
  <ItemGroup>
    <ClCompile Include="main.cpp">
      <Filter>ソース ファイル</Filter>
    </ClCompile>
    <ClCompile Include="AI.cpp">
      <Filter>ソース ファイル\AI</Filter>
    </ClCompile>
    <ClCompile Include="Engine.cpp">
      <Filter>ソース ファイル\Engine</Filter>
    </ClCompile>
  </ItemGroup>
  <ItemGroup>
    <ClInclude Include="AI.hpp">
      <Filter>ソース ファイル\AI</Filter>
    </ClInclude>
    <ClInclude Include="Stopwatch.hpp">
      <Filter>ソース ファイル\Utility</Filter>
    </ClInclude>
    <ClInclude Include="Timer.hpp">
      <Filter>ソース ファイル\Utility</Filter>
    </ClInclude>
    <ClInclude Include="Engine.hpp">
      <Filter>ソース ファイル\Engine</Filter>
    </ClInclude>
    <ClInclude Include="Base.hpp">
      <Filter>ソース ファイル</Filter>
    </ClInclude>
    <ClInclude Include="FixedGrid.hpp">
      <Filter>ソース ファイル\Utility</Filter>
    </ClInclude>
  </ItemGroup>
</Project>